
Microsoft Visual Studio Solution File, Format Version 12.00
# Visual Studio Version 16
VisualStudioVersion = 16.0.31911.196
MinimumVisualStudioVersion = 10.0.40219.1
Project("{9A19103F-16F7-4668-BE54-9A1E7A4F7556}") = "Lesson_5", "Lesson_5.csproj", "{0BBBDBDE-2D06-450A-A2B9-85E99223A008}"
EndProject
Project("{FAE04EC0-301F-11D3-BF4B-00C04F79EFBC}") = "MyHomeWork.Core", "..\MyHomeWork.Core\MyHomeWork.Core.csproj", "{12B8F4EF-34B5-4F32-8356-B8AC270B45C1}"
EndProject
Global
	GlobalSection(SolutionConfigurationPlatforms) = preSolution
		Debug|Any CPU = Debug|Any CPU
		Release|Any CPU = Release|Any CPU
	EndGlobalSection
	GlobalSection(ProjectConfigurationPlatforms) = postSolution
		{0BBBDBDE-2D06-450A-A2B9-85E99223A008}.Debug|Any CPU.ActiveCfg = Debug|Any CPU
		{0BBBDBDE-2D06-450A-A2B9-85E99223A008}.Debug|Any CPU.Build.0 = Debug|Any CPU
		{0BBBDBDE-2D06-450A-A2B9-85E99223A008}.Release|Any CPU.ActiveCfg = Release|Any CPU
		{0BBBDBDE-2D06-450A-A2B9-85E99223A008}.Release|Any CPU.Build.0 = Release|Any CPU
		{12B8F4EF-34B5-4F32-8356-B8AC270B45C1}.Debug|Any CPU.ActiveCfg = Debug|Any CPU
		{12B8F4EF-34B5-4F32-8356-B8AC270B45C1}.Debug|Any CPU.Build.0 = Debug|Any CPU
		{12B8F4EF-34B5-4F32-8356-B8AC270B45C1}.Release|Any CPU.ActiveCfg = Release|Any CPU
		{12B8F4EF-34B5-4F32-8356-B8AC270B45C1}.Release|Any CPU.Build.0 = Release|Any CPU
	EndGlobalSection
	GlobalSection(SolutionProperties) = preSolution
		HideSolutionNode = FALSE
	EndGlobalSection
	GlobalSection(ExtensibilityGlobals) = postSolution
		SolutionGuid = {A151A8ED-7744-4EC3-8B19-05AF97028D50}
	EndGlobalSection
EndGlobal
